
Microsoft Visual Studio Solution File, Format Version 12.00
# Visual Studio Version 16
VisualStudioVersion = 16.0.31424.327
MinimumVisualStudioVersion = 10.0.40219.1
Project("{FAE04EC0-301F-11D3-BF4B-00C04F79EFBC}") = "Net_Core_Asenkron-MultiThread_Programming", "Net_Core_Asenkron-MultiThread_Programming\Net_Core_Asenkron-MultiThread_Programming.csproj", "{94939FC2-B578-43B4-B0BE-54AADE3A94BF}"
EndProject
Project("{FAE04EC0-301F-11D3-BF4B-00C04F79EFBC}") = "FormApp", "FormApp\FormApp.csproj", "{4EABCFDE-443D-43CB-8CC6-A2705765BD01}"
EndProject
Global
	GlobalSection(SolutionConfigurationPlatforms) = preSolution
		Debug|Any CPU = Debug|Any CPU
		Release|Any CPU = Release|Any CPU
	EndGlobalSection
	GlobalSection(ProjectConfigurationPlatforms) = postSolution
		{94939FC2-B578-43B4-B0BE-54AADE3A94BF}.Debug|Any CPU.ActiveCfg = Debug|Any CPU
		{94939FC2-B578-43B4-B0BE-54AADE3A94BF}.Debug|Any CPU.Build.0 = Debug|Any CPU
		{94939FC2-B578-43B4-B0BE-54AADE3A94BF}.Release|Any CPU.ActiveCfg = Release|Any CPU
		{94939FC2-B578-43B4-B0BE-54AADE3A94BF}.Release|Any CPU.Build.0 = Release|Any CPU
		{4EABCFDE-443D-43CB-8CC6-A2705765BD01}.Debug|Any CPU.ActiveCfg = Debug|Any CPU
		{4EABCFDE-443D-43CB-8CC6-A2705765BD01}.Debug|Any CPU.Build.0 = Debug|Any CPU
		{4EABCFDE-443D-43CB-8CC6-A2705765BD01}.Release|Any CPU.ActiveCfg = Release|Any CPU
		{4EABCFDE-443D-43CB-8CC6-A2705765BD01}.Release|Any CPU.Build.0 = Release|Any CPU
	EndGlobalSection
	GlobalSection(SolutionProperties) = preSolution
		HideSolutionNode = FALSE
	EndGlobalSection
	GlobalSection(ExtensibilityGlobals) = postSolution
		SolutionGuid = {8AB30708-56BC-4D1F-9F44-5D86B7E06C71}
	EndGlobalSection
EndGlobal
